
Microsoft Visual Studio Solution File, Format Version 12.00
# Visual Studio Version 17
VisualStudioVersion = 17.12.35527.113 d17.12
MinimumVisualStudioVersion = 10.0.40219.1
Project("{8BC9CEB8-8B4A-11D0-8D11-00A0C91BC942}") = "Problem0014", "Problem0014\Problem0014.vcxproj", "{E38310AA-5A9E-412E-AB22-40E3DBD7D4FE}"
EndProject
Project("{8BC9CEB8-8B4A-11D0-8D11-00A0C91BC942}") = "Problem0001", "Problem0001\Problem0001.vcxproj", "{2FC1273C-C5E0-413E-9695-819499171580}"
EndProject
Project("{8BC9CEB8-8B4A-11D0-8D11-00A0C91BC942}") = "Problem0002", "Problem0002\Problem0002.vcxproj", "{010C2655-3394-4D41-A3C3-8A492CDCDCD9}"
EndProject
Project("{8BC9CEB8-8B4A-11D0-8D11-00A0C91BC942}") = "Problem0003", "Problem0003\Problem0003.vcxproj", "{AABE9140-8515-43B5-9C8B-2CAA038C6AE1}"
EndProject
Project("{8BC9CEB8-8B4A-11D0-8D11-00A0C91BC942}") = "Problem0004", "Problem0004\Problem0004.vcxproj", "{AAA1C094-5713-457C-BFE4-65480738C87D}"
EndProject
Project("{8BC9CEB8-8B4A-11D0-8D11-00A0C91BC942}") = "Problem0005", "Problem0005\Problem0005.vcxproj", "{F31239FC-CF48-4FEE-A766-7EDE358CE784}"
EndProject
Global
	GlobalSection(SolutionConfigurationPlatforms) = preSolution
		Debug|x64 = Debug|x64
		Debug|x86 = Debug|x86
		Release|x64 = Release|x64
		Release|x86 = Release|x86
	EndGlobalSection
	GlobalSection(ProjectConfigurationPlatforms) = postSolution
		{E38310AA-5A9E-412E-AB22-40E3DBD7D4FE}.Debug|x64.ActiveCfg = Debug|x64
		{E38310AA-5A9E-412E-AB22-40E3DBD7D4FE}.Debug|x64.Build.0 = Debug|x64
		{E38310AA-5A9E-412E-AB22-40E3DBD7D4FE}.Debug|x86.ActiveCfg = Debug|Win32
		{E38310AA-5A9E-412E-AB22-40E3DBD7D4FE}.Debug|x86.Build.0 = Debug|Win32
		{E38310AA-5A9E-412E-AB22-40E3DBD7D4FE}.Release|x64.ActiveCfg = Release|x64
		{E38310AA-5A9E-412E-AB22-40E3DBD7D4FE}.Release|x64.Build.0 = Release|x64
		{E38310AA-5A9E-412E-AB22-40E3DBD7D4FE}.Release|x86.ActiveCfg = Release|Win32
		{E38310AA-5A9E-412E-AB22-40E3DBD7D4FE}.Release|x86.Build.0 = Release|Win32
		{2FC1273C-C5E0-413E-9695-819499171580}.Debug|x64.ActiveCfg = Debug|x64
		{2FC1273C-C5E0-413E-9695-819499171580}.Debug|x64.Build.0 = Debug|x64
		{2FC1273C-C5E0-413E-9695-819499171580}.Debug|x86.ActiveCfg = Debug|Win32
		{2FC1273C-C5E0-413E-9695-819499171580}.Debug|x86.Build.0 = Debug|Win32
		{2FC1273C-C5E0-413E-9695-819499171580}.Release|x64.ActiveCfg = Release|x64
		{2FC1273C-C5E0-413E-9695-819499171580}.Release|x64.Build.0 = Release|x64
		{2FC1273C-C5E0-413E-9695-819499171580}.Release|x86.ActiveCfg = Release|Win32
		{2FC1273C-C5E0-413E-9695-819499171580}.Release|x86.Build.0 = Release|Win32
		{010C2655-3394-4D41-A3C3-8A492CDCDCD9}.Debug|x64.ActiveCfg = Debug|x64
		{010C2655-3394-4D41-A3C3-8A492CDCDCD9}.Debug|x64.Build.0 = Debug|x64
		{010C2655-3394-4D41-A3C3-8A492CDCDCD9}.Debug|x86.ActiveCfg = Debug|Win32
		{010C2655-3394-4D41-A3C3-8A492CDCDCD9}.Debug|x86.Build.0 = Debug|Win32
		{010C2655-3394-4D41-A3C3-8A492CDCDCD9}.Release|x64.ActiveCfg = Release|x64
		{010C2655-3394-4D41-A3C3-8A492CDCDCD9}.Release|x64.Build.0 = Release|x64
		{010C2655-3394-4D41-A3C3-8A492CDCDCD9}.Release|x86.ActiveCfg = Release|Win32
		{010C2655-3394-4D41-A3C3-8A492CDCDCD9}.Release|x86.Build.0 = Release|Win32
		{AABE9140-8515-43B5-9C8B-2CAA038C6AE1}.Debug|x64.ActiveCfg = Debug|x64
		{AABE9140-8515-43B5-9C8B-2CAA038C6AE1}.Debug|x64.Build.0 = Debug|x64
		{AABE9140-8515-43B5-9C8B-2CAA038C6AE1}.Debug|x86.ActiveCfg = Debug|Win32
		{AABE9140-8515-43B5-9C8B-2CAA038C6AE1}.Debug|x86.Build.0 = Debug|Win32
		{AABE9140-8515-43B5-9C8B-2CAA038C6AE1}.Release|x64.ActiveCfg = Release|x64
		{AABE9140-8515-43B5-9C8B-2CAA038C6AE1}.Release|x64.Build.0 = Release|x64
		{AABE9140-8515-43B5-9C8B-2CAA038C6AE1}.Release|x86.ActiveCfg = Release|Win32
		{AABE9140-8515-43B5-9C8B-2CAA038C6AE1}.Release|x86.Build.0 = Release|Win32
		{AAA1C094-5713-457C-BFE4-65480738C87D}.Debug|x64.ActiveCfg = Debug|x64
		{AAA1C094-5713-457C-BFE4-65480738C87D}.Debug|x64.Build.0 = Debug|x64
		{AAA1C094-5713-457C-BFE4-65480738C87D}.Debug|x86.ActiveCfg = Debug|Win32
		{AAA1C094-5713-457C-BFE4-65480738C87D}.Debug|x86.Build.0 = Debug|Win32
		{AAA1C094-5713-457C-BFE4-65480738C87D}.Release|x64.ActiveCfg = Release|x64
		{AAA1C094-5713-457C-BFE4-65480738C87D}.Release|x64.Build.0 = Release|x64
		{AAA1C094-5713-457C-BFE4-65480738C87D}.Release|x86.ActiveCfg = Release|Win32
		{AAA1C094-5713-457C-BFE4-65480738C87D}.Release|x86.Build.0 = Release|Win32
		{F31239FC-CF48-4FEE-A766-7EDE358CE784}.Debug|x64.ActiveCfg = Debug|x64
		{F31239FC-CF48-4FEE-A766-7EDE358CE784}.Debug|x64.Build.0 = Debug|x64
		{F31239FC-CF48-4FEE-A766-7EDE358CE784}.Debug|x86.ActiveCfg = Debug|Win32
		{F31239FC-CF48-4FEE-A766-7EDE358CE784}.Debug|x86.Build.0 = Debug|Win32
		{F31239FC-CF48-4FEE-A766-7EDE358CE784}.Release|x64.ActiveCfg = Release|x64
		{F31239FC-CF48-4FEE-A766-7EDE358CE784}.Release|x64.Build.0 = Release|x64
		{F31239FC-CF48-4FEE-A766-7EDE358CE784}.Release|x86.ActiveCfg = Release|Win32
		{F31239FC-CF48-4FEE-A766-7EDE358CE784}.Release|x86.Build.0 = Release|Win32
	EndGlobalSection
	GlobalSection(SolutionProperties) = preSolution
		HideSolutionNode = FALSE
	EndGlobalSection
EndGlobal
